github.com/go-ruby-net-http/net-http v0.0.0-20260916095427-514f82c0c217 h1:6jgq2XLnWkigaLldPdW7SdOTr5Ar32yvdA3FreV0Lpo=
github.com/go-ruby-net-http/net-http v0.0.0-20260916095427-514f82c0c217/go.mod h1:PiNQDuyrSPZX8OzApvgyn1fTjRNwx0KNO1vrzdAguEc=
github.com/go-ruby-net-http/net-http v0.0.0-20261010111755-67a09daf512e h1:8tgJj9WKgxGVBsYKMxZV1UvUaFSjTfcoH0SgQK6bKdU=
github.com/go-ruby-net-http/net-http v0.0.0-20261010111755-67a09daf512e/go.mod h1:/vuDUwrurvJxlZ5nuRrBTlYE2YHUonCXLqLwqOAral0=
