github.com/go-ruby-net-http/net-http v0.0.0-20260630124155-c794366ce72f h1:nS0qwCPtVAtp+48j6KkdTdpVL8jT9L2ZGQcJZwOKev8=
github.com/go-ruby-net-http/net-http v0.0.0-20260630124155-c794366ce72f/go.mod h1:PiNQDuyrSPZX8OzApvgyn1fTjRNwx0KNO1vrzdAguEc=
github.com/go-ruby-net-http/net-http v0.0.0-20260717070838-ce4150523d5d h1:eI4Ca9uWvS0rYejivvJPaVVvEh3m9VkBFthTCDjHe9Q=
github.com/go-ruby-net-http/net-http v0.0.0-20260717070838-ce4150523d5d/go.mod h1:PiNQDuyrSPZX8OzApvgyn1fTjRNwx0KNO1vrzdAguEc=
